
Microsoft Visual Studio Solution File, Format Version 12.00
# Visual Studio 15
Project("{FAE04EC0-301F-11D3-BF4B-00C04F79EFBC}") = "face", "face.csproj", "{13C11565-99D7-1718-1038-16D2EF0A05ED}"
EndProject
Project("{FAE04EC0-301F-11D3-BF4B-00C04F79EFBC}") = "face.Editor", "face.Editor.csproj", "{7CAB5ED6-771F-F9BE-6EE5-2418BC5D5792}"
EndProject
Global
	GlobalSection(SolutionConfigurationPlatforms) = preSolution
		Debug|Any CPU = Debug|Any CPU
		Release|Any CPU = Release|Any CPU
	EndGlobalSection
	GlobalSection(ProjectConfigurationPlatforms) = postSolution
		{13C11565-99D7-1718-1038-16D2EF0A05ED}.Debug|Any CPU.ActiveCfg = Debug|Any CPU
		{13C11565-99D7-1718-1038-16D2EF0A05ED}.Debug|Any CPU.Build.0 = Debug|Any CPU
		{13C11565-99D7-1718-1038-16D2EF0A05ED}.Release|Any CPU.ActiveCfg = Release|Any CPU
		{13C11565-99D7-1718-1038-16D2EF0A05ED}.Release|Any CPU.Build.0 = Release|Any CPU
		{7CAB5ED6-771F-F9BE-6EE5-2418BC5D5792}.Debug|Any CPU.ActiveCfg = Debug|Any CPU
		{7CAB5ED6-771F-F9BE-6EE5-2418BC5D5792}.Debug|Any CPU.Build.0 = Debug|Any CPU
		{7CAB5ED6-771F-F9BE-6EE5-2418BC5D5792}.Release|Any CPU.ActiveCfg = Release|Any CPU
		{7CAB5ED6-771F-F9BE-6EE5-2418BC5D5792}.Release|Any CPU.Build.0 = Release|Any CPU
	EndGlobalSection
	GlobalSection(SolutionProperties) = preSolution
		HideSolutionNode = FALSE
	EndGlobalSection
EndGlobal
