
Microsoft Visual Studio Solution File, Format Version 11.00
# Visual Studio 2010
Project("{FAE04EC0-301F-11D3-BF4B-00C04F79EFBC}") = "face5.5.2", "Assembly-CSharp.csproj", "{140233AB-956F-6B5B-1B11-DF6333D6637D}"
EndProject
Project("{FAE04EC0-301F-11D3-BF4B-00C04F79EFBC}") = "face5.5.2", "Assembly-CSharp-Editor.csproj", "{87B3B75A-57E5-0E10-2368-E9CE22FEFDE3}"
EndProject
Global
	GlobalSection(SolutionConfigurationPlatforms) = preSolution
		Debug|Any CPU = Debug|Any CPU
		Release|Any CPU = Release|Any CPU
	EndGlobalSection
	GlobalSection(ProjectConfigurationPlatforms) = postSolution
		{140233AB-956F-6B5B-1B11-DF6333D6637D}.Debug|Any CPU.ActiveCfg = Debug|Any CPU
		{140233AB-956F-6B5B-1B11-DF6333D6637D}.Debug|Any CPU.Build.0 = Debug|Any CPU
		{140233AB-956F-6B5B-1B11-DF6333D6637D}.Release|Any CPU.ActiveCfg = Release|Any CPU
		{140233AB-956F-6B5B-1B11-DF6333D6637D}.Release|Any CPU.Build.0 = Release|Any CPU
		{87B3B75A-57E5-0E10-2368-E9CE22FEFDE3}.Debug|Any CPU.ActiveCfg = Debug|Any CPU
		{87B3B75A-57E5-0E10-2368-E9CE22FEFDE3}.Debug|Any CPU.Build.0 = Debug|Any CPU
		{87B3B75A-57E5-0E10-2368-E9CE22FEFDE3}.Release|Any CPU.ActiveCfg = Release|Any CPU
		{87B3B75A-57E5-0E10-2368-E9CE22FEFDE3}.Release|Any CPU.Build.0 = Release|Any CPU
	EndGlobalSection
	GlobalSection(SolutionProperties) = preSolution
		HideSolutionNode = FALSE
	EndGlobalSection
	GlobalSection(MonoDevelopProperties) = preSolution
		StartupItem = Assembly-CSharp.csproj
	EndGlobalSection
EndGlobal
